// !$*UTF8*$!
{
	archiveVersion = 1;
	classes = {
	};
	objectVersion = 46;
	objects = {

/* Begin PBXBuildFile section */
		13496F06190AE3E90048856F /* FirstViewController.m in Sources */ = {isa = PBXBuildFile; fileRef = 13496F05190AE3E90048856F /* FirstViewController.m */; };
		13F751C2190A1B220006D253 /* ConnectionsViewController.m in Sources */ = {isa = PBXBuildFile; fileRef = 13F751C1190A1B220006D253 /* ConnectionsViewController.m */; };
		EA056A57191C9154001EDEB2 /* AEHighScoresTableViewController.m in Sources */ = {isa = PBXBuildFile; fileRef = EA056A56191C9154001EDEB2 /* AEHighScoresTableViewController.m */; };
		EA0F23B719064F7F00ED4C78 /* PlayerData.plist in Resources */ = {isa = PBXBuildFile; fileRef = EA0F23B619064F7F00ED4C78 /* PlayerData.plist */; };
		EA0F23BA19070A1600ED4C78 /* AEPlayerDetailsVC.m in Sources */ = {isa = PBXBuildFile; fileRef = EA0F23B919070A1600ED4C78 /* AEPlayerDetailsVC.m */; };
		EA0F23C11907193600ED4C78 /* AEPreferences.m in Sources */ = {isa = PBXBuildFile; fileRef = EA0F23C01907193600ED4C78 /* AEPreferences.m */; };
		EA0F23C4190749A500ED4C78 /* AETwoPlayerGameVC.m in Sources */ = {isa = PBXBuildFile; fileRef = EA0F23C3190749A500ED4C78 /* AETwoPlayerGameVC.m */; };
		EA0F23C719074CC000ED4C78 /* AETwoPlayerJoinVC.m in Sources */ = {isa = PBXBuildFile; fileRef = EA0F23C619074CC000ED4C78 /* AETwoPlayerJoinVC.m */; };
		EA8B248C1905C83A004D51D7 /* Foundation.framework in Frameworks */ = {isa = PBXBuildFile; fileRef = EA8B248B1905C83A004D51D7 /* Foundation.framework */; };
		EA8B248E1905C83A004D51D7 /* CoreGraphics.framework in Frameworks */ = {isa = PBXBuildFile; fileRef = EA8B248D1905C83A004D51D7 /* CoreGraphics.framework */; };
		EA8B24901905C83A004D51D7 /* UIKit.framework in Frameworks */ = {isa = PBXBuildFile; fileRef = EA8B248F1905C83A004D51D7 /* UIKit.framework */; };
		EA8B24921905C83A004D51D7 /* SpriteKit.framework in Frameworks */ = {isa = PBXBuildFile; fileRef = EA8B24911905C83A004D51D7 /* SpriteKit.framework */; };
		EA8B24981905C83B004D51D7 /* InfoPlist.strings in Resources */ = {isa = PBXBuildFile; fileRef = EA8B24961905C83B004D51D7 /* InfoPlist.strings */; };
		EA8B249A1905C83B004D51D7 /* main.m in Sources */ = {isa = PBXBuildFile; fileRef = EA8B24991905C83B004D51D7 /* main.m */; };
		EA8B249E1905C83B004D51D7 /* AEAppDelegate.m in Sources */ = {isa = PBXBuildFile; fileRef = EA8B249D1905C83B004D51D7 /* AEAppDelegate.m */; };
		EA8B24A11905C83B004D51D7 /* Main.storyboard in Resources */ = {isa = PBXBuildFile; fileRef = EA8B249F1905C83B004D51D7 /* Main.storyboard */; };
		EA8B24A41905C83B004D51D7 /* AEGameSceneViewController.m in Sources */ = {isa = PBXBuildFile; fileRef = EA8B24A31905C83B004D51D7 /* AEGameSceneViewController.m */; };
		EA8B24A71905C83B004D51D7 /* AEGameScene.m in Sources */ = {isa = PBXBuildFile; fileRef = EA8B24A61905C83B004D51D7 /* AEGameScene.m */; };
		EA8B24A91905C83B004D51D7 /* Spaceship.png in Resources */ = {isa = PBXBuildFile; fileRef = EA8B24A81905C83B004D51D7 /* Spaceship.png */; };
		EA8B24AB1905C83B004D51D7 /* Images.xcassets in Resources */ = {isa = PBXBuildFile; fileRef = EA8B24AA1905C83B004D51D7 /* Images.xcassets */; };
		EA8B24B21905C83B004D51D7 /* XCTest.framework in Frameworks */ = {isa = PBXBuildFile; fileRef = EA8B24B11905C83B004D51D7 /* XCTest.framework */; };
		EA8B24B31905C83B004D51D7 /* Foundation.framework in Frameworks */ = {isa = PBXBuildFile; fileRef = EA8B248B1905C83A004D51D7 /* Foundation.framework */; };
		EA8B24B41905C83B004D51D7 /* UIKit.framework in Frameworks */ = {isa = PBXBuildFile; fileRef = EA8B248F1905C83A004D51D7 /* UIKit.framework */; };
		EA8B24BC1905C83B004D51D7 /* InfoPlist.strings in Resources */ = {isa = PBXBuildFile; fileRef = EA8B24BA1905C83B004D51D7 /* InfoPlist.strings */; };
		EA8B24BE1905C83B004D51D7 /* AsteroidEvasionTests.m in Sources */ = {isa = PBXBuildFile; fileRef = EA8B24BD1905C83B004D51D7 /* AsteroidEvasionTests.m */; };
		EA8B24C91905D394004D51D7 /* AEMainViewController.m in Sources */ = {isa = PBXBuildFile; fileRef = EA8B24C81905D394004D51D7 /* AEMainViewController.m */; };
		EA9400B81905F14800A7C18C /* AENewPlayerVC.m in Sources */ = {isa = PBXBuildFile; fileRef = EA9400B71905F14800A7C18C /* AENewPlayerVC.m */; };
		EA9400BE1905F6AA00A7C18C /* AEPlayersVC.m in Sources */ = {isa = PBXBuildFile; fileRef = EA9400BD1905F6AA00A7C18C /* AEPlayersVC.m */; };
		EA9400C21906250500A7C18C /* AEPlayer.m in Sources */ = {isa = PBXBuildFile; fileRef = EA9400C11906250500A7C18C /* AEPlayer.m */; };
		EA9D57151909B7F60056BD55 /* AEAsteroid.m in Sources */ = {isa = PBXBuildFile; fileRef = EA9D57141909B7F50056BD55 /* AEAsteroid.m */; };
		EA9D57181909BB510056BD55 /* AEBitmasks.m in Sources */ = {isa = PBXBuildFile; fileRef = EA9D57171909BB510056BD55 /* AEBitmasks.m */; };
		EA9D571B1909BB600056BD55 /* AECategories.m in Sources */ = {isa = PBXBuildFile; fileRef = EA9D571A1909BB600056BD55 /* AECategories.m */; };
		EA9D571E190AF8D50056BD55 /* AEGameOverScene.m in Sources */ = {isa = PBXBuildFile; fileRef = EA9D571D190AF8D50056BD55 /* AEGameOverScene.m */; };
		EA9D571F190B04AE0056BD55 /* MCManager.m in Sources */ = {isa = PBXBuildFile; fileRef = 13F751C4190A1CA00006D253 /* MCManager.m */; };
		EADA95C119206B690043DB0C /* asteroid-launch.wav in Resources */ = {isa = PBXBuildFile; fileRef = EADA95BF19206B690043DB0C /* asteroid-launch.wav */; };
		EADA95C219206B690043DB0C /* crack.wav in Resources */ = {isa = PBXBuildFile; fileRef = EADA95C019206B690043DB0C /* crack.wav */; };
		EADA95C4192084390043DB0C /* burn.wav in Resources */ = {isa = PBXBuildFile; fileRef = EADA95C3192084390043DB0C /* burn.wav */; };
		EAF65A731919CE7C00E8FE31 /* AESettingsTableViewController.m in Sources */ = {isa = PBXBuildFile; fileRef = EAF65A721919CE7C00E8FE31 /* AESettingsTableViewController.m */; };
		EAF65A761919DF3700E8FE31 /* AEColorPickerTableViewController.m in Sources */ = {isa = PBXBuildFile; fileRef = EAF65A751919DF3700E8FE31 /* AEColorPickerTableViewController.m */; };
		EAF65A79191B0C4A00E8FE31 /* AEDifficultyPickerTableViewController.m in Sources */ = {isa = PBXBuildFile; fileRef = EAF65A78191B0C4A00E8FE31 /* AEDifficultyPickerTableViewController.m */; };
		EAF7E1F1191EF489008B9FD1 /* AEHighScoreManager.m in Sources */ = {isa = PBXBuildFile; fileRef = EAF7E1F0191EF489008B9FD1 /* AEHighScoreManager.m */; };
/* End PBXBuildFile section */

/* Begin PBXContainerItemProxy section */
		EA8B24B51905C83B004D51D7 /* PBXContainerItemProxy */ = {
			isa = PBXContainerItemProxy;
			containerPortal = EA8B24801905C83A004D51D7 /* Project object */;
			proxyType = 1;
			remoteGlobalIDString = EA8B24871905C83A004D51D7;
			remoteInfo = AsteroidEvasion;
		};
/* End PBXContainerItemProxy section */

/* Begin PBXFileReference section */
		13496F04190AE3E90048856F /* FirstViewController.h */ = {isa = PBXFileReference; fileEncoding = 4; lastKnownFileType = sourcecode.c.h; path = FirstViewController.h; sourceTree = "<group>"; };
		13496F05190AE3E90048856F /* FirstViewController.m */ = {isa = PBXFileReference; fileEncoding = 4; lastKnownFileType = sourcecode.c.objc; path = FirstViewController.m; sourceTree = "<group>"; };
		13F751C0190A1B220006D253 /* ConnectionsViewController.h */ = {isa = PBXFileReference; fileEncoding = 4; lastKnownFileType = sourcecode.c.h; path = ConnectionsViewController.h; sourceTree = "<group>"; };
		13F751C1190A1B220006D253 /* ConnectionsViewController.m */ = {isa = PBXFileReference; fileEncoding = 4; lastKnownFileType = sourcecode.c.objc; path = ConnectionsViewController.m; sourceTree = "<group>"; };
		13F751C3190A1CA00006D253 /* MCManager.h */ = {isa = PBXFileReference; fileEncoding = 4; lastKnownFileType = sourcecode.c.h; path = MCManager.h; sourceTree = "<group>"; };
		13F751C4190A1CA00006D253 /* MCManager.m */ = {isa = PBXFileReference; fileEncoding = 4; lastKnownFileType = sourcecode.c.objc; path = MCManager.m; sourceTree = "<group>"; };
		EA056A55191C9154001EDEB2 /* AEHighScoresTableViewController.h */ = {isa = PBXFileReference; fileEncoding = 4; lastKnownFileType = sourcecode.c.h; path = AEHighScoresTableViewController.h; sourceTree = "<group>"; };
		EA056A56191C9154001EDEB2 /* AEHighScoresTableViewController.m */ = {isa = PBXFileReference; fileEncoding = 4; lastKnownFileType = sourcecode.c.objc; path = AEHighScoresTableViewController.m; sourceTree = "<group>"; };
		EA0F23B619064F7F00ED4C78 /* PlayerData.plist */ = {isa = PBXFileReference; fileEncoding = 4; lastKnownFileType = text.plist.xml; path = PlayerData.plist; sourceTree = "<group>"; };
		EA0F23B819070A1600ED4C78 /* AEPlayerDetailsVC.h */ = {isa = PBXFileReference; fileEncoding = 4; lastKnownFileType = sourcecode.c.h; path = AEPlayerDetailsVC.h; sourceTree = "<group>"; };
		EA0F23B919070A1600ED4C78 /* AEPlayerDetailsVC.m */ = {isa = PBXFileReference; fileEncoding = 4; lastKnownFileType = sourcecode.c.objc; path = AEPlayerDetailsVC.m; sourceTree = "<group>"; };
		EA0F23BF1907193600ED4C78 /* AEPreferences.h */ = {isa = PBXFileReference; fileEncoding = 4; lastKnownFileType = sourcecode.c.h; path = AEPreferences.h; sourceTree = "<group>"; };
		EA0F23C01907193600ED4C78 /* AEPreferences.m */ = {isa = PBXFileReference; fileEncoding = 4; lastKnownFileType = sourcecode.c.objc; path = AEPreferences.m; sourceTree = "<group>"; };
		EA0F23C2190749A500ED4C78 /* AETwoPlayerGameVC.h */ = {isa = PBXFileReference; fileEncoding = 4; lastKnownFileType = sourcecode.c.h; path = AETwoPlayerGameVC.h; sourceTree = "<group>"; };
		EA0F23C3190749A500ED4C78 /* AETwoPlayerGameVC.m */ = {isa = PBXFileReference; fileEncoding = 4; lastKnownFileType = sourcecode.c.objc; path = AETwoPlayerGameVC.m; sourceTree = "<group>"; };
		EA0F23C519074CC000ED4C78 /* AETwoPlayerJoinVC.h */ = {isa = PBXFileReference; fileEncoding = 4; lastKnownFileType = sourcecode.c.h; path = AETwoPlayerJoinVC.h; sourceTree = "<group>"; };
		EA0F23C619074CC000ED4C78 /* AETwoPlayerJoinVC.m */ = {isa = PBXFileReference; fileEncoding = 4; lastKnownFileType = sourcecode.c.objc; path = AETwoPlayerJoinVC.m; sourceTree = "<group>"; };
		EA8B24881905C83A004D51D7 /* AsteroidEvasion.app */ = {isa = PBXFileReference; explicitFileType = wrapper.application; includeInIndex = 0; path = AsteroidEvasion.app; sourceTree = BUILT_PRODUCTS_DIR; };
		EA8B248B1905C83A004D51D7 /* Foundation.framework */ = {isa = PBXFileReference; lastKnownFileType = wrapper.framework; name = Foundation.framework; path = System/Library/Frameworks/Foundation.framework; sourceTree = SDKROOT; };
		EA8B248D1905C83A004D51D7 /* CoreGraphics.framework */ = {isa = PBXFileReference; lastKnownFileType = wrapper.framework; name = CoreGraphics.framework; path = System/Library/Frameworks/CoreGraphics.framework; sourceTree = SDKROOT; };
		EA8B248F1905C83A004D51D7 /* UIKit.framework */ = {isa = PBXFileReference; lastKnownFileType = wrapper.framework; name = UIKit.framework; path = System/Library/Frameworks/UIKit.framework; sourceTree = SDKROOT; };
		EA8B24911905C83A004D51D7 /* SpriteKit.framework */ = {isa = PBXFileReference; lastKnownFileType = wrapper.framework; name = SpriteKit.framework; path = System/Library/Frameworks/SpriteKit.framework; sourceTree = SDKROOT; };
		EA8B24951905C83B004D51D7 /* AsteroidEvasion-Info.plist */ = {isa = PBXFileReference; lastKnownFileType = text.plist.xml; path = "AsteroidEvasion-Info.plist"; sourceTree = "<group>"; };
		EA8B24971905C83B004D51D7 /* en */ = {isa = PBXFileReference; lastKnownFileType = text.plist.strings; name = en; path = en.lproj/InfoPlist.strings; sourceTree = "<group>"; };
		EA8B24991905C83B004D51D7 /* main.m */ = {isa = PBXFileReference; lastKnownFileType = sourcecode.c.objc; path = main.m; sourceTree = "<group>"; };
		EA8B249B1905C83B004D51D7 /* AsteroidEvasion-Prefix.pch */ = {isa = PBXFileReference; lastKnownFileType = sourcecode.c.h; path = "AsteroidEvasion-Prefix.pch"; sourceTree = "<group>"; };
		EA8B249C1905C83B004D51D7 /* AEAppDelegate.h */ = {isa = PBXFileReference; lastKnownFileType = sourcecode.c.h; path = AEAppDelegate.h; sourceTree = "<group>"; };
		EA8B249D1905C83B004D51D7 /* AEAppDelegate.m */ = {isa = PBXFileReference; lastKnownFileType = sourcecode.c.objc; path = AEAppDelegate.m; sourceTree = "<group>"; };
		EA8B24A01905C83B004D51D7 /* Base */ = {isa = PBXFileReference; lastKnownFileType = file.storyboard; name = Base; path = Base.lproj/Main.storyboard; sourceTree = "<group>"; };
		EA8B24A21905C83B004D51D7 /* AEGameSceneViewController.h */ = {isa = PBXFileReference; lastKnownFileType = sourcecode.c.h; path = AEGameSceneViewController.h; sourceTree = "<group>"; };
		EA8B24A31905C83B004D51D7 /* AEGameSceneViewController.m */ = {isa = PBXFileReference; lastKnownFileType = sourcecode.c.objc; path = AEGameSceneViewController.m; sourceTree = "<group>"; };
		EA8B24A51905C83B004D51D7 /* AEGameScene.h */ = {isa = PBXFileReference; lastKnownFileType = sourcecode.c.h; path = AEGameScene.h; sourceTree = "<group>"; };
		EA8B24A61905C83B004D51D7 /* AEGameScene.m */ = {isa = PBXFileReference; lastKnownFileType = sourcecode.c.objc; path = AEGameScene.m; sourceTree = "<group>"; };
		EA8B24A81905C83B004D51D7 /* Spaceship.png */ = {isa = PBXFileReference; lastKnownFileType = image.png; path = Spaceship.png; sourceTree = "<group>"; };
		EA8B24AA1905C83B004D51D7 /* Images.xcassets */ = {isa = PBXFileReference; lastKnownFileType = folder.assetcatalog; path = Images.xcassets; sourceTree = "<group>"; };
		EA8B24B01905C83B004D51D7 /* AsteroidEvasionTests.xctest */ = {isa = PBXFileReference; explicitFileType = wrapper.cfbundle; includeInIndex = 0; path = AsteroidEvasionTests.xctest; sourceTree = BUILT_PRODUCTS_DIR; };
		EA8B24B11905C83B004D51D7 /* XCTest.framework */ = {isa = PBXFileReference; lastKnownFileType = wrapper.framework; name = XCTest.framework; path = Library/Frameworks/XCTest.framework; sourceTree = DEVELOPER_DIR; };
		EA8B24B91905C83B004D51D7 /* AsteroidEvasionTests-Info.plist */ = {isa = PBXFileReference; lastKnownFileType = text.plist.xml; path = "AsteroidEvasionTests-Info.plist"; sourceTree = "<group>"; };
		EA8B24BB1905C83B004D51D7 /* en */ = {isa = PBXFileReference; lastKnownFileType = text.plist.strings; name = en; path = en.lproj/InfoPlist.strings; sourceTree = "<group>"; };
		EA8B24BD1905C83B004D51D7 /* AsteroidEvasionTests.m */ = {isa = PBXFileReference; lastKnownFileType = sourcecode.c.objc; path = AsteroidEvasionTests.m; sourceTree = "<group>"; };
		EA8B24C71905D394004D51D7 /* AEMainViewController.h */ = {isa = PBXFileReference; fileEncoding = 4; lastKnownFileType = sourcecode.c.h; path = AEMainViewController.h; sourceTree = "<group>"; };
		EA8B24C81905D394004D51D7 /* AEMainViewController.m */ = {isa = PBXFileReference; fileEncoding = 4; lastKnownFileType = sourcecode.c.objc; path = AEMainViewController.m; sourceTree = "<group>"; };
		EA9400B61905F14800A7C18C /* AENewPlayerVC.h */ = {isa = PBXFileReference; fileEncoding = 4; lastKnownFileType = sourcecode.c.h; path = AENewPlayerVC.h; sourceTree = "<group>"; };
		EA9400B71905F14800A7C18C /* AENewPlayerVC.m */ = {isa = PBXFileReference; fileEncoding = 4; lastKnownFileType = sourcecode.c.objc; path = AENewPlayerVC.m; sourceTree = "<group>"; };
		EA9400BC1905F6AA00A7C18C /* AEPlayersVC.h */ = {isa = PBXFileReference; fileEncoding = 4; lastKnownFileType = sourcecode.c.h; path = AEPlayersVC.h; sourceTree = "<group>"; };
		EA9400BD1905F6AA00A7C18C /* AEPlayersVC.m */ = {isa = PBXFileReference; fileEncoding = 4; lastKnownFileType = sourcecode.c.objc; path = AEPlayersVC.m; sourceTree = "<group>"; };
		EA9400C01906250500A7C18C /* AEPlayer.h */ = {isa = PBXFileReference; fileEncoding = 4; lastKnownFileType = sourcecode.c.h; path = AEPlayer.h; sourceTree = "<group>"; };
		EA9400C11906250500A7C18C /* AEPlayer.m */ = {isa = PBXFileReference; fileEncoding = 4; lastKnownFileType = sourcecode.c.objc; path = AEPlayer.m; sourceTree = "<group>"; };
		EA9D57131909B7F50056BD55 /* AEAsteroid.h */ = {isa = PBXFileReference; fileEncoding = 4; lastKnownFileType = sourcecode.c.h; path = AEAsteroid.h; sourceTree = "<group>"; };
		EA9D57141909B7F50056BD55 /* AEAsteroid.m */ = {isa = PBXFileReference; fileEncoding = 4; lastKnownFileType = sourcecode.c.objc; path = AEAsteroid.m; sourceTree = "<group>"; };
		EA9D57161909BB510056BD55 /* AEBitmasks.h */ = {isa = PBXFileReference; fileEncoding = 4; lastKnownFileType = sourcecode.c.h; path = AEBitmasks.h; sourceTree = "<group>"; };
		EA9D57171909BB510056BD55 /* AEBitmasks.m */ = {isa = PBXFileReference; fileEncoding = 4; lastKnownFileType = sourcecode.c.objc; path = AEBitmasks.m; sourceTree = "<group>"; };
		EA9D57191909BB600056BD55 /* AECategories.h */ = {isa = PBXFileReference; fileEncoding = 4; lastKnownFileType = sourcecode.c.h; path = AECategories.h; sourceTree = "<group>"; };
		EA9D571A1909BB600056BD55 /* AECategories.m */ = {isa = PBXFileReference; fileEncoding = 4; lastKnownFileType = sourcecode.c.objc; path = AECategories.m; sourceTree = "<group>"; };
		EA9D571C190AF8D50056BD55 /* AEGameOverScene.h */ = {isa = PBXFileReference; fileEncoding = 4; lastKnownFileType = sourcecode.c.h; path = AEGameOverScene.h; sourceTree = "<group>"; };
		EA9D571D190AF8D50056BD55 /* AEGameOverScene.m */ = {isa = PBXFileReference; fileEncoding = 4; lastKnownFileType = sourcecode.c.objc; path = AEGameOverScene.m; sourceTree = "<group>"; };
		EADA95BF19206B690043DB0C /* asteroid-launch.wav */ = {isa = PBXFileReference; lastKnownFileType = audio.wav; path = "asteroid-launch.wav"; sourceTree = "<group>"; };
		EADA95C019206B690043DB0C /* crack.wav */ = {isa = PBXFileReference; lastKnownFileType = audio.wav; path = crack.wav; sourceTree = "<group>"; };
		EADA95C3192084390043DB0C /* burn.wav */ = {isa = PBXFileReference; lastKnownFileType = audio.wav; path = burn.wav; sourceTree = "<group>"; };
		EAF65A711919CE7C00E8FE31 /* AESettingsTableViewController.h */ = {isa = PBXFileReference; fileEncoding = 4; lastKnownFileType = sourcecode.c.h; path = AESettingsTableViewController.h; sourceTree = "<group>"; };
		EAF65A721919CE7C00E8FE31 /* AESettingsTableViewController.m */ = {isa = PBXFileReference; fileEncoding = 4; lastKnownFileType = sourcecode.c.objc; path = AESettingsTableViewController.m; sourceTree = "<group>"; };
		EAF65A741919DF3700E8FE31 /* AEColorPickerTableViewController.h */ = {isa = PBXFileReference; fileEncoding = 4; lastKnownFileType = sourcecode.c.h; path = AEColorPickerTableViewController.h; sourceTree = "<group>"; };
		EAF65A751919DF3700E8FE31 /* AEColorPickerTableViewController.m */ = {isa = PBXFileReference; fileEncoding = 4; lastKnownFileType = sourcecode.c.objc; path = AEColorPickerTableViewController.m; sourceTree = "<group>"; };
		EAF65A77191B0C4A00E8FE31 /* AEDifficultyPickerTableViewController.h */ = {isa = PBXFileReference; fileEncoding = 4; lastKnownFileType = sourcecode.c.h; path = AEDifficultyPickerTableViewController.h; sourceTree = "<group>"; };
		EAF65A78191B0C4A00E8FE31 /* AEDifficultyPickerTableViewController.m */ = {isa = PBXFileReference; fileEncoding = 4; lastKnownFileType = sourcecode.c.objc; path = AEDifficultyPickerTableViewController.m; sourceTree = "<group>"; };
		EAF7E1EF191EF489008B9FD1 /* AEHighScoreManager.h */ = {isa = PBXFileReference; fileEncoding = 4; lastKnownFileType = sourcecode.c.h; path = AEHighScoreManager.h; sourceTree = "<group>"; };
		EAF7E1F0191EF489008B9FD1 /* AEHighScoreManager.m */ = {isa = PBXFileReference; fileEncoding = 4; lastKnownFileType = sourcecode.c.objc; path = AEHighScoreManager.m; sourceTree = "<group>"; };
/* End PBXFileReference section */

/* Begin PBXFrameworksBuildPhase section */
		EA8B24851905C83A004D51D7 /* Frameworks */ = {
			isa = PBXFrameworksBuildPhase;
			buildActionMask = 2147483647;
			files = (
				EA8B248E1905C83A004D51D7 /* CoreGraphics.framework in Frameworks */,
				EA8B24901905C83A004D51D7 /* UIKit.framework in Frameworks */,
				EA8B24921905C83A004D51D7 /* SpriteKit.framework in Frameworks */,
				EA8B248C1905C83A004D51D7 /* Foundation.framework in Frameworks */,
			);
			runOnlyForDeploymentPostprocessing = 0;
		};
		EA8B24AD1905C83B004D51D7 /* Frameworks */ = {
			isa = PBXFrameworksBuildPhase;
			buildActionMask = 2147483647;
			files = (
				EA8B24B21905C83B004D51D7 /* XCTest.framework in Frameworks */,
				EA8B24B41905C83B004D51D7 /* UIKit.framework in Frameworks */,
				EA8B24B31905C83B004D51D7 /* Foundation.framework in Frameworks */,
			);
			runOnlyForDeploymentPostprocessing = 0;
		};
/* End PBXFrameworksBuildPhase section */

/* Begin PBXGroup section */
		13F751BF190A19D10006D253 /* Connectivity */ = {
			isa = PBXGroup;
			children = (
				13496F04190AE3E90048856F /* FirstViewController.h */,
				13496F05190AE3E90048856F /* FirstViewController.m */,
				13F751C3190A1CA00006D253 /* MCManager.h */,
				13F751C4190A1CA00006D253 /* MCManager.m */,
				13F751C0190A1B220006D253 /* ConnectionsViewController.h */,
				13F751C1190A1B220006D253 /* ConnectionsViewController.m */,
			);
			name = Connectivity;
			sourceTree = "<group>";
		};
		EA0F23BB1907146800ED4C78 /* Constants */ = {
			isa = PBXGroup;
			children = (
				EA0F23BF1907193600ED4C78 /* AEPreferences.h */,
				EA0F23C01907193600ED4C78 /* AEPreferences.m */,
				EA9D57161909BB510056BD55 /* AEBitmasks.h */,
				EA9D57171909BB510056BD55 /* AEBitmasks.m */,
				EA9D57191909BB600056BD55 /* AECategories.h */,
				EA9D571A1909BB600056BD55 /* AECategories.m */,
			);
			name = Constants;
			sourceTree = "<group>";
		};
		EA65FBBA1905DF180013AB7C /* View Controllers */ = {
			isa = PBXGroup;
			children = (
				EA8B24A21905C83B004D51D7 /* AEGameSceneViewController.h */,
				EA8B24A31905C83B004D51D7 /* AEGameSceneViewController.m */,
				EA8B24C71905D394004D51D7 /* AEMainViewController.h */,
				EA8B24C81905D394004D51D7 /* AEMainViewController.m */,
				EA9400B61905F14800A7C18C /* AENewPlayerVC.h */,
				EA9400B71905F14800A7C18C /* AENewPlayerVC.m */,
				EA9400BC1905F6AA00A7C18C /* AEPlayersVC.h */,
				EA9400BD1905F6AA00A7C18C /* AEPlayersVC.m */,
				EA0F23B819070A1600ED4C78 /* AEPlayerDetailsVC.h */,
				EA0F23B919070A1600ED4C78 /* AEPlayerDetailsVC.m */,
				EA0F23C2190749A500ED4C78 /* AETwoPlayerGameVC.h */,
				EA0F23C3190749A500ED4C78 /* AETwoPlayerGameVC.m */,
				EA0F23C519074CC000ED4C78 /* AETwoPlayerJoinVC.h */,
				EA0F23C619074CC000ED4C78 /* AETwoPlayerJoinVC.m */,
				EAF65A711919CE7C00E8FE31 /* AESettingsTableViewController.h */,
				EAF65A721919CE7C00E8FE31 /* AESettingsTableViewController.m */,
				EAF65A741919DF3700E8FE31 /* AEColorPickerTableViewController.h */,
				EAF65A751919DF3700E8FE31 /* AEColorPickerTableViewController.m */,
				EAF65A77191B0C4A00E8FE31 /* AEDifficultyPickerTableViewController.h */,
				EAF65A78191B0C4A00E8FE31 /* AEDifficultyPickerTableViewController.m */,
				EA056A55191C9154001EDEB2 /* AEHighScoresTableViewController.h */,
				EA056A56191C9154001EDEB2 /* AEHighScoresTableViewController.m */,
			);
			name = "View Controllers";
			sourceTree = "<group>";
		};
		EA65FBBC1905DF330013AB7C /* Scenes */ = {
			isa = PBXGroup;
			children = (
				EA8B24A51905C83B004D51D7 /* AEGameScene.h */,
				EA8B24A61905C83B004D51D7 /* AEGameScene.m */,
				EA9D571C190AF8D50056BD55 /* AEGameOverScene.h */,
				EA9D571D190AF8D50056BD55 /* AEGameOverScene.m */,
			);
			name = Scenes;
			sourceTree = "<group>";
		};
		EA65FBBD1905DF4A0013AB7C /* Assets */ = {
			isa = PBXGroup;
			children = (
				EA8B24A81905C83B004D51D7 /* Spaceship.png */,
			);
			name = Assets;
			sourceTree = "<group>";
		};
		EA8B247F1905C83A004D51D7 = {
			isa = PBXGroup;
			children = (
				EA8B24931905C83B004D51D7 /* AsteroidEvasion */,
				EA8B24B71905C83B004D51D7 /* AsteroidEvasionTests */,
				EA8B248A1905C83A004D51D7 /* Frameworks */,
				EA8B24891905C83A004D51D7 /* Products */,
			);
			sourceTree = "<group>";
		};
		EA8B24891905C83A004D51D7 /* Products */ = {
			isa = PBXGroup;
			children = (
				EA8B24881905C83A004D51D7 /* AsteroidEvasion.app */,
				EA8B24B01905C83B004D51D7 /* AsteroidEvasionTests.xctest */,
			);
			name = Products;
			sourceTree = "<group>";
		};
		EA8B248A1905C83A004D51D7 /* Frameworks */ = {
			isa = PBXGroup;
			children = (
				EA8B248B1905C83A004D51D7 /* Foundation.framework */,
				EA8B248D1905C83A004D51D7 /* CoreGraphics.framework */,
				EA8B248F1905C83A004D51D7 /* UIKit.framework */,
				EA8B24911905C83A004D51D7 /* SpriteKit.framework */,
				EA8B24B11905C83B004D51D7 /* XCTest.framework */,
			);
			name = Frameworks;
			sourceTree = "<group>";
		};
		EA8B24931905C83B004D51D7 /* AsteroidEvasion */ = {
			isa = PBXGroup;
			children = (
				EADA95BE19206B580043DB0C /* Audio */,
				EA0F23BB1907146800ED4C78 /* Constants */,
				EA9400BF190624E300A7C18C /* Objects */,
				EA65FBBD1905DF4A0013AB7C /* Assets */,
				EA65FBBC1905DF330013AB7C /* Scenes */,
				EA65FBBA1905DF180013AB7C /* View Controllers */,
				EA8B249C1905C83B004D51D7 /* AEAppDelegate.h */,
				EA8B249D1905C83B004D51D7 /* AEAppDelegate.m */,
				13F751BF190A19D10006D253 /* Connectivity */,
				EA8B249F1905C83B004D51D7 /* Main.storyboard */,
				EA8B24AA1905C83B004D51D7 /* Images.xcassets */,
				EA8B24941905C83B004D51D7 /* Supporting Files */,
			);
			path = AsteroidEvasion;
			sourceTree = "<group>";
		};
		EA8B24941905C83B004D51D7 /* Supporting Files */ = {
			isa = PBXGroup;
			children = (
				EA8B24951905C83B004D51D7 /* AsteroidEvasion-Info.plist */,
				EA8B24961905C83B004D51D7 /* InfoPlist.strings */,
				EA8B24991905C83B004D51D7 /* main.m */,
				EA8B249B1905C83B004D51D7 /* AsteroidEvasion-Prefix.pch */,
				EA0F23B619064F7F00ED4C78 /* PlayerData.plist */,
			);
			name = "Supporting Files";
			sourceTree = "<group>";
		};
		EA8B24B71905C83B004D51D7 /* AsteroidEvasionTests */ = {
			isa = PBXGroup;
			children = (
				EA8B24BD1905C83B004D51D7 /* AsteroidEvasionTests.m */,
				EA8B24B81905C83B004D51D7 /* Supporting Files */,
			);
			path = AsteroidEvasionTests;
			sourceTree = "<group>";
		};
		EA8B24B81905C83B004D51D7 /* Supporting Files */ = {
			isa = PBXGroup;
			children = (
				EA8B24B91905C83B004D51D7 /* AsteroidEvasionTests-Info.plist */,
				EA8B24BA1905C83B004D51D7 /* InfoPlist.strings */,
			);
			name = "Supporting Files";
			sourceTree = "<group>";
		};
		EA9400BF190624E300A7C18C /* Objects */ = {
			isa = PBXGroup;
			children = (
				EA9400C01906250500A7C18C /* AEPlayer.h */,
				EA9400C11906250500A7C18C /* AEPlayer.m */,
				EA9D57131909B7F50056BD55 /* AEAsteroid.h */,
				EA9D57141909B7F50056BD55 /* AEAsteroid.m */,
				EAF7E1EF191EF489008B9FD1 /* AEHighScoreManager.h */,
				EAF7E1F0191EF489008B9FD1 /* AEHighScoreManager.m */,
			);
			name = Objects;
			sourceTree = "<group>";
		};
		EADA95BE19206B580043DB0C /* Audio */ = {
			isa = PBXGroup;
			children = (
				EADA95C3192084390043DB0C /* burn.wav */,
				EADA95BF19206B690043DB0C /* asteroid-launch.wav */,
				EADA95C019206B690043DB0C /* crack.wav */,
			);
			name = Audio;
			sourceTree = "<group>";
		};
/* End PBXGroup section */

/* Begin PBXNativeTarget section */
		EA8B24871905C83A004D51D7 /* AsteroidEvasion */ = {
			isa = PBXNativeTarget;
			buildConfigurationList = EA8B24C11905C83B004D51D7 /* Build configuration list for PBXNativeTarget "AsteroidEvasion" */;
			buildPhases = (
				EA8B24841905C83A004D51D7 /* Sources */,
				EA8B24851905C83A004D51D7 /* Frameworks */,
				EA8B24861905C83A004D51D7 /* Resources */,
			);
			buildRules = (
			);
			dependencies = (
			);
			name = AsteroidEvasion;
			productName = AsteroidEvasion;
			productReference = EA8B24881905C83A004D51D7 /* AsteroidEvasion.app */;
			productType = "com.apple.product-type.application";
		};
		EA8B24AF1905C83B004D51D7 /* AsteroidEvasionTests */ = {
			isa = PBXNativeTarget;
			buildConfigurationList = EA8B24C41905C83B004D51D7 /* Build configuration list for PBXNativeTarget "AsteroidEvasionTests" */;
			buildPhases = (
				EA8B24AC1905C83B004D51D7 /* Sources */,
				EA8B24AD1905C83B004D51D7 /* Frameworks */,
				EA8B24AE1905C83B004D51D7 /* Resources */,
			);
			buildRules = (
			);
			dependencies = (
				EA8B24B61905C83B004D51D7 /* PBXTargetDependency */,
			);
			name = AsteroidEvasionTests;
			productName = AsteroidEvasionTests;
			productReference = EA8B24B01905C83B004D51D7 /* AsteroidEvasionTests.xctest */;
			productType = "com.apple.product-type.bundle.unit-test";
		};
/* End PBXNativeTarget section */

/* Begin PBXProject section */
		EA8B24801905C83A004D51D7 /* Project object */ = {
			isa = PBXProject;
			attributes = {
				CLASSPREFIX = AE;
				LastUpgradeCheck = 0510;
				ORGANIZATIONNAME = "Tony Andrys, Ian Brauer, Patrick Walsh";
				TargetAttributes = {
					EA8B24871905C83A004D51D7 = {
						DevelopmentTeam = 4336LD5648;
					};
					EA8B24AF1905C83B004D51D7 = {
						TestTargetID = EA8B24871905C83A004D51D7;
					};
				};
			};
			buildConfigurationList = EA8B24831905C83A004D51D7 /* Build configuration list for PBXProject "AsteroidEvasion" */;
			compatibilityVersion = "Xcode 3.2";
			developmentRegion = English;
			hasScannedForEncodings = 0;
			knownRegions = (
				en,
				Base,
			);
			mainGroup = EA8B247F1905C83A004D51D7;
			productRefGroup = EA8B24891905C83A004D51D7 /* Products */;
			projectDirPath = "";
			projectRoot = "";
			targets = (
				EA8B24871905C83A004D51D7 /* AsteroidEvasion */,
				EA8B24AF1905C83B004D51D7 /* AsteroidEvasionTests */,
			);
		};
/* End PBXProject section */

/* Begin PBXResourcesBuildPhase section */
		EA8B24861905C83A004D51D7 /* Resources */ = {
			isa = PBXResourcesBuildPhase;
			buildActionMask = 2147483647;
			files = (
				EADA95C119206B690043DB0C /* asteroid-launch.wav in Resources */,
				EA8B24981905C83B004D51D7 /* InfoPlist.strings in Resources */,
				EA0F23B719064F7F00ED4C78 /* PlayerData.plist in Resources */,
				EADA95C4192084390043DB0C /* burn.wav in Resources */,
				EA8B24AB1905C83B004D51D7 /* Images.xcassets in Resources */,
				EA8B24A91905C83B004D51D7 /* Spaceship.png in Resources */,
				EA8B24A11905C83B004D51D7 /* Main.storyboard in Resources */,
				EADA95C219206B690043DB0C /* crack.wav in Resources */,
			);
			runOnlyForDeploymentPostprocessing = 0;
		};
		EA8B24AE1905C83B004D51D7 /* Resources */ = {
			isa = PBXResourcesBuildPhase;
			buildActionMask = 2147483647;
			files = (
				EA8B24BC1905C83B004D51D7 /* InfoPlist.strings in Resources */,
			);
			runOnlyForDeploymentPostprocessing = 0;
		};
/* End PBXResourcesBuildPhase section */

/* Begin PBXSourcesBuildPhase section */
		EA8B24841905C83A004D51D7 /* Sources */ = {
			isa = PBXSourcesBuildPhase;
			buildActionMask = 2147483647;
			files = (
				EA9D571F190B04AE0056BD55 /* MCManager.m in Sources */,
				EA9400C21906250500A7C18C /* AEPlayer.m in Sources */,
				EA0F23C11907193600ED4C78 /* AEPreferences.m in Sources */,
				EA8B24A71905C83B004D51D7 /* AEGameScene.m in Sources */,
				EAF7E1F1191EF489008B9FD1 /* AEHighScoreManager.m in Sources */,
				EA0F23BA19070A1600ED4C78 /* AEPlayerDetailsVC.m in Sources */,
				EA9D571B1909BB600056BD55 /* AECategories.m in Sources */,
				EA0F23C719074CC000ED4C78 /* AETwoPlayerJoinVC.m in Sources */,
				EA9D571E190AF8D50056BD55 /* AEGameOverScene.m in Sources */,
				EAF65A731919CE7C00E8FE31 /* AESettingsTableViewController.m in Sources */,
				EA8B249E1905C83B004D51D7 /* AEAppDelegate.m in Sources */,
				13496F06190AE3E90048856F /* FirstViewController.m in Sources */,
				EA8B24A41905C83B004D51D7 /* AEGameSceneViewController.m in Sources */,
				EA9400B81905F14800A7C18C /* AENewPlayerVC.m in Sources */,
				13F751C2190A1B220006D253 /* ConnectionsViewController.m in Sources */,
				EA9400BE1905F6AA00A7C18C /* AEPlayersVC.m in Sources */,
				EA8B24C91905D394004D51D7 /* AEMainViewController.m in Sources */,
				EA8B249A1905C83B004D51D7 /* main.m in Sources */,
				EAF65A761919DF3700E8FE31 /* AEColorPickerTableViewController.m in Sources */,
				EAF65A79191B0C4A00E8FE31 /* AEDifficultyPickerTableViewController.m in Sources */,
				EA9D57181909BB510056BD55 /* AEBitmasks.m in Sources */,
				EA9D57151909B7F60056BD55 /* AEAsteroid.m in Sources */,
				EA0F23C4190749A500ED4C78 /* AETwoPlayerGameVC.m in Sources */,
				EA056A57191C9154001EDEB2 /* AEHighScoresTableViewController.m in Sources */,
			);
			runOnlyForDeploymentPostprocessing = 0;
		};
		EA8B24AC1905C83B004D51D7 /* Sources */ = {
			isa = PBXSourcesBuildPhase;
			buildActionMask = 2147483647;
			files = (
				EA8B24BE1905C83B004D51D7 /* AsteroidEvasionTests.m in Sources */,
			);
			runOnlyForDeploymentPostprocessing = 0;
		};
/* End PBXSourcesBuildPhase section */

/* Begin PBXTargetDependency section */
		EA8B24B61905C83B004D51D7 /* PBXTargetDependency */ = {
			isa = PBXTargetDependency;
			target = EA8B24871905C83A004D51D7 /* AsteroidEvasion */;
			targetProxy = EA8B24B51905C83B004D51D7 /* PBXContainerItemProxy */;
		};
/* End PBXTargetDependency section */

/* Begin PBXVariantGroup section */
		EA8B24961905C83B004D51D7 /* InfoPlist.strings */ = {
			isa = PBXVariantGroup;
			children = (
				EA8B24971905C83B004D51D7 /* en */,
			);
			name = InfoPlist.strings;
			sourceTree = "<group>";
		};
		EA8B249F1905C83B004D51D7 /* Main.storyboard */ = {
			isa = PBXVariantGroup;
			children = (
				EA8B24A01905C83B004D51D7 /* Base */,
			);
			name = Main.storyboard;
			sourceTree = "<group>";
		};
		EA8B24BA1905C83B004D51D7 /* InfoPlist.strings */ = {
			isa = PBXVariantGroup;
			children = (
				EA8B24BB1905C83B004D51D7 /* en */,
			);
			name = InfoPlist.strings;
			sourceTree = "<group>";
		};
/* End PBXVariantGroup section */

/* Begin XCBuildConfiguration section */
		EA8B24BF1905C83B004D51D7 /* Debug */ = {
			isa = XCBuildConfiguration;
			buildSettings = {
				ALWAYS_SEARCH_USER_PATHS = NO;
				CLANG_CXX_LANGUAGE_STANDARD = "gnu++0x";
				CLANG_CXX_LIBRARY = "libc++";
				CLANG_ENABLE_MODULES = YES;
				CLANG_ENABLE_OBJC_ARC = YES;
				CLANG_WARN_BOOL_CONVERSION = YES;
				CLANG_WARN_CONSTANT_CONVERSION = YES;
				CLANG_WARN_DIRECT_OBJC_ISA_USAGE = YES_ERROR;
				CLANG_WARN_EMPTY_BODY = YES;
				CLANG_WARN_ENUM_CONVERSION = YES;
				CLANG_WARN_INT_CONVERSION = YES;
				CLANG_WARN_OBJC_ROOT_CLASS = YES_ERROR;
				CLANG_WARN__DUPLICATE_METHOD_MATCH = YES;
				CODE_SIGN_IDENTITY = "";
				"CODE_SIGN_IDENTITY[sdk=iphoneos*]" = "";
				COPY_PHASE_STRIP = NO;
				GCC_C_LANGUAGE_STANDARD = gnu99;
				GCC_DYNAMIC_NO_PIC = NO;
				GCC_OPTIMIZATION_LEVEL = 0;
				GCC_PREPROCESSOR_DEFINITIONS = (
					"DEBUG=1",
					"$(inherited)",
				);
				GCC_SYMBOLS_PRIVATE_EXTERN = NO;
				GCC_WARN_64_TO_32_BIT_CONVERSION = YES;
				GCC_WARN_ABOUT_RETURN_TYPE = YES_ERROR;
				GCC_WARN_UNDECLARED_SELECTOR = YES;
				GCC_WARN_UNINITIALIZED_AUTOS = YES_AGGRESSIVE;
				GCC_WARN_UNUSED_FUNCTION = YES;
				GCC_WARN_UNUSED_VARIABLE = YES;
				IPHONEOS_DEPLOYMENT_TARGET = 7.0;
				ONLY_ACTIVE_ARCH = YES;
				PROVISIONING_PROFILE = "CE68061A-9DEA-485C-B50C-113BF91ADB3D";
				SDKROOT = iphoneos;
			};
			name = Debug;
		};
		EA8B24C01905C83B004D51D7 /* Release */ = {
			isa = XCBuildConfiguration;
			buildSettings = {
				ALWAYS_SEARCH_USER_PATHS = NO;
				CLANG_CXX_LANGUAGE_STANDARD = "gnu++0x";
				CLANG_CXX_LIBRARY = "libc++";
				CLANG_ENABLE_MODULES = YES;
				CLANG_ENABLE_OBJC_ARC = YES;
				CLANG_WARN_BOOL_CONVERSION = YES;
				CLANG_WARN_CONSTANT_CONVERSION = YES;
				CLANG_WARN_DIRECT_OBJC_ISA_USAGE = YES_ERROR;
				CLANG_WARN_EMPTY_BODY = YES;
				CLANG_WARN_ENUM_CONVERSION = YES;
				CLANG_WARN_INT_CONVERSION = YES;
				CLANG_WARN_OBJC_ROOT_CLASS = YES_ERROR;
				CLANG_WARN__DUPLICATE_METHOD_MATCH = YES;
				CODE_SIGN_IDENTITY = "";
				"CODE_SIGN_IDENTITY[sdk=iphoneos*]" = "";
				COPY_PHASE_STRIP = YES;
				ENABLE_NS_ASSERTIONS = NO;
				GCC_C_LANGUAGE_STANDARD = gnu99;
				GCC_WARN_64_TO_32_BIT_CONVERSION = YES;
				GCC_WARN_ABOUT_RETURN_TYPE = YES_ERROR;
				GCC_WARN_UNDECLARED_SELECTOR = YES;
				GCC_WARN_UNINITIALIZED_AUTOS = YES_AGGRESSIVE;
				GCC_WARN_UNUSED_FUNCTION = YES;
				GCC_WARN_UNUSED_VARIABLE = YES;
				IPHONEOS_DEPLOYMENT_TARGET = 7.0;
				PROVISIONING_PROFILE = "CE68061A-9DEA-485C-B50C-113BF91ADB3D";
				SDKROOT = iphoneos;
				VALIDATE_PRODUCT = YES;
			};
			name = Release;
		};
		EA8B24C21905C83B004D51D7 /* Debug */ = {
			isa = XCBuildConfiguration;
			buildSettings = {
				ASSETCATALOG_COMPILER_APPICON_NAME = AppIcon;
				ASSETCATALOG_COMPILER_LAUNCHIMAGE_NAME = LaunchImage;
				CODE_SIGN_IDENTITY = "iPhone Developer";
				"CODE_SIGN_IDENTITY[sdk=iphoneos*]" = "iPhone Developer";
				GCC_PRECOMPILE_PREFIX_HEADER = YES;
				GCC_PREFIX_HEADER = "AsteroidEvasion/AsteroidEvasion-Prefix.pch";
				INFOPLIST_FILE = "AsteroidEvasion/AsteroidEvasion-Info.plist";
				IPHONEOS_DEPLOYMENT_TARGET = 7.0;
				PRODUCT_NAME = "$(TARGET_NAME)";
				PROVISIONING_PROFILE = "";
				SPRITEKIT_TEXTURE_ATLAS_OUTPUT = YES;
				TARGETED_DEVICE_FAMILY = 1;
				WRAPPER_EXTENSION = app;
			};
			name = Debug;
		};
		EA8B24C31905C83B004D51D7 /* Release */ = {
			isa = XCBuildConfiguration;
			buildSettings = {
				ASSETCATALOG_COMPILER_APPICON_NAME = AppIcon;
				ASSETCATALOG_COMPILER_LAUNCHIMAGE_NAME = LaunchImage;
				CODE_SIGN_IDENTITY = "iPhone Developer";
				"CODE_SIGN_IDENTITY[sdk=iphoneos*]" = "iPhone Developer";
				GCC_PRECOMPILE_PREFIX_HEADER = YES;
				GCC_PREFIX_HEADER = "AsteroidEvasion/AsteroidEvasion-Prefix.pch";
				INFOPLIST_FILE = "AsteroidEvasion/AsteroidEvasion-Info.plist";
				IPHONEOS_DEPLOYMENT_TARGET = 7.0;
				PRODUCT_NAME = "$(TARGET_NAME)";
				PROVISIONING_PROFILE = "";
				SPRITEKIT_TEXTURE_ATLAS_OUTPUT = YES;
				TARGETED_DEVICE_FAMILY = 1;
				WRAPPER_EXTENSION = app;
			};
			name = Release;
		};
		EA8B24C51905C83B004D51D7 /* Debug */ = {
			isa = XCBuildConfiguration;
			buildSettings = {
				BUNDLE_LOADER = "$(BUILT_PRODUCTS_DIR)/AsteroidEvasion.app/AsteroidEvasion";
				FRAMEWORK_SEARCH_PATHS = (
					"$(SDKROOT)/Developer/Library/Frameworks",
					"$(inherited)",
					"$(DEVELOPER_FRAMEWORKS_DIR)",
				);
				GCC_PRECOMPILE_PREFIX_HEADER = YES;
				GCC_PREFIX_HEADER = "AsteroidEvasion/AsteroidEvasion-Prefix.pch";
				GCC_PREPROCESSOR_DEFINITIONS = (
					"DEBUG=1",
					"$(inherited)",
				);
				INFOPLIST_FILE = "AsteroidEvasionTests/AsteroidEvasionTests-Info.plist";
				PRODUCT_NAME = "$(TARGET_NAME)";
				TEST_HOST = "$(BUNDLE_LOADER)";
				WRAPPER_EXTENSION = xctest;
			};
			name = Debug;
		};
		EA8B24C61905C83B004D51D7 /* Release */ = {
			isa = XCBuildConfiguration;
			buildSettings = {
				BUNDLE_LOADER = "$(BUILT_PRODUCTS_DIR)/AsteroidEvasion.app/AsteroidEvasion";
				FRAMEWORK_SEARCH_PATHS = (
					"$(SDKROOT)/Developer/Library/Frameworks",
					"$(inherited)",
					"$(DEVELOPER_FRAMEWORKS_DIR)",
				);
				GCC_PRECOMPILE_PREFIX_HEADER = YES;
				GCC_PREFIX_HEADER = "AsteroidEvasion/AsteroidEvasion-Prefix.pch";
				INFOPLIST_FILE = "AsteroidEvasionTests/AsteroidEvasionTests-Info.plist";
				PRODUCT_NAME = "$(TARGET_NAME)";
				TEST_HOST = "$(BUNDLE_LOADER)";
				WRAPPER_EXTENSION = xctest;
			};
			name = Release;
		};
/* End XCBuildConfiguration section */

/* Begin XCConfigurationList section */
		EA8B24831905C83A004D51D7 /* Build configuration list for PBXProject "AsteroidEvasion" */ = {
			isa = XCConfigurationList;
			buildConfigurations = (
				EA8B24BF1905C83B004D51D7 /* Debug */,
				EA8B24C01905C83B004D51D7 /* Release */,
			);
			defaultConfigurationIsVisible = 0;
			defaultConfigurationName = Release;
		};
		EA8B24C11905C83B004D51D7 /* Build configuration list for PBXNativeTarget "AsteroidEvasion" */ = {
			isa = XCConfigurationList;
			buildConfigurations = (
				EA8B24C21905C83B004D51D7 /* Debug */,
				EA8B24C31905C83B004D51D7 /* Release */,
			);
			defaultConfigurationIsVisible = 0;
			defaultConfigurationName = Release;
		};
		EA8B24C41905C83B004D51D7 /* Build configuration list for PBXNativeTarget "AsteroidEvasionTests" */ = {
			isa = XCConfigurationList;
			buildConfigurations = (
				EA8B24C51905C83B004D51D7 /* Debug */,
				EA8B24C61905C83B004D51D7 /* Release */,
			);
			defaultConfigurationIsVisible = 0;
			defaultConfigurationName = Release;
		};
/* End XCConfigurationList section */
	};
	rootObject = EA8B24801905C83A004D51D7 /* Project object */;
}
